
Microsoft Visual Studio Solution File, Format Version 12.00
# Visual Studio Version 17
VisualStudioVersion = 17.3.32804.467
MinimumVisualStudioVersion = 10.0.40219.1
Project("{9A19103F-16F7-4668-BE54-9A1E7A4F7556}") = "PSWritePDF", "PSWritePDF\PSWritePDF.csproj", "{EEF3BFAD-C8A5-474C-BA52-5C20E66EF0F9}"
EndProject
Global
	GlobalSection(SolutionConfigurationPlatforms) = preSolution
		Debug|Any CPU = Debug|Any CPU
		Release|Any CPU = Release|Any CPU
	EndGlobalSection
	GlobalSection(ProjectConfigurationPlatforms) = postSolution
		{EEF3BFAD-C8A5-474C-BA52-5C20E66EF0F9}.Debug|Any CPU.ActiveCfg = Debug|Any CPU
		{EEF3BFAD-C8A5-474C-BA52-5C20E66EF0F9}.Debug|Any CPU.Build.0 = Debug|Any CPU
		{EEF3BFAD-C8A5-474C-BA52-5C20E66EF0F9}.Release|Any CPU.ActiveCfg = Release|Any CPU
		{EEF3BFAD-C8A5-474C-BA52-5C20E66EF0F9}.Release|Any CPU.Build.0 = Release|Any CPU
		{7391AC3E-2156-49C6-A228-15B6A7946FBA}.Debug|Any CPU.ActiveCfg = Debug|Any CPU
		{7391AC3E-2156-49C6-A228-15B6A7946FBA}.Debug|Any CPU.Build.0 = Debug|Any CPU
		{7391AC3E-2156-49C6-A228-15B6A7946FBA}.Release|Any CPU.ActiveCfg = Release|Any CPU
		{7391AC3E-2156-49C6-A228-15B6A7946FBA}.Release|Any CPU.Build.0 = Release|Any CPU
		{C3349FCA-EF1E-4AFF-8F4C-522530B18D54}.Debug|Any CPU.ActiveCfg = Debug|Any CPU
		{C3349FCA-EF1E-4AFF-8F4C-522530B18D54}.Debug|Any CPU.Build.0 = Debug|Any CPU
		{C3349FCA-EF1E-4AFF-8F4C-522530B18D54}.Release|Any CPU.ActiveCfg = Release|Any CPU
		{C3349FCA-EF1E-4AFF-8F4C-522530B18D54}.Release|Any CPU.Build.0 = Release|Any CPU
	EndGlobalSection
	GlobalSection(SolutionProperties) = preSolution
		HideSolutionNode = FALSE
	EndGlobalSection
	GlobalSection(ExtensibilityGlobals) = postSolution
		SolutionGuid = {F37BB785-3AB1-4498-8102-689C0E4C3924}
	EndGlobalSection
EndGlobal
